
Microsoft Visual Studio Solution File, Format Version 12.00
# Visual Studio 14
VisualStudioVersion = 14.0.23107.0
MinimumVisualStudioVersion = 10.0.40219.1
Project("{FAE04EC0-301F-11D3-BF4B-00C04F79EFBC}") = "MS-DealsHub-Win10", "MS-DealsHub-Win10\MS-DealsHub-Win10.csproj", "{5C68A0D6-9513-40DF-8FC9-D3601E62F8D4}"
EndProject
Project("{2150E333-8FDC-42A3-9474-1A3956D46DE8}") = "Prism", "Prism", "{686B5DD9-171A-4709-AD08-AB16753D1C21}"
EndProject
Project("{FAE04EC0-301F-11D3-BF4B-00C04F79EFBC}") = "Prism", "PrismLibrary\Prism\Prism.csproj", "{E6C50355-D01E-4CAA-884D-D7929861315C}"
EndProject
Project("{FAE04EC0-301F-11D3-BF4B-00C04F79EFBC}") = "PrismWin10RTM", "PrismLibrary\Windows\PrismWin10RTM\PrismWin10RTM.csproj", "{C715ADCA-FE56-46A8-BF78-5BCFCF3216A3}"
EndProject
Project("{FAE04EC0-301F-11D3-BF4B-00C04F79EFBC}") = "PrismWin10RTMUnity", "PrismLibrary\Windows\PrismWin10RTMUnity\PrismWin10RTMUnity.csproj", "{6E9CB13C-2ABC-44A9-A7B6-993786F09FA0}"
EndProject
Project("{2150E333-8FDC-42A3-9474-1A3956D46DE8}") = "Windows Shared", "Windows Shared", "{9313A038-2844-4BBC-A4F0-844B569A0F6F}"
EndProject
Project("{FAE04EC0-301F-11D3-BF4B-00C04F79EFBC}") = "Prism.Windows", "PrismLibrary\Windows\Prism.Windows\Prism.Windows.csproj", "{95485773-463B-4C42-ADE6-24285F049B9B}"
EndProject
Global
	GlobalSection(SolutionConfigurationPlatforms) = preSolution
		Debug LOG|Any CPU = Debug LOG|Any CPU
		Debug LOG|ARM = Debug LOG|ARM
		Debug LOG|x64 = Debug LOG|x64
		Debug LOG|x86 = Debug LOG|x86
		Debug TRACE LOG|Any CPU = Debug TRACE LOG|Any CPU
		Debug TRACE LOG|ARM = Debug TRACE LOG|ARM
		Debug TRACE LOG|x64 = Debug TRACE LOG|x64
		Debug TRACE LOG|x86 = Debug TRACE LOG|x86
		Debug|Any CPU = Debug|Any CPU
		Debug|ARM = Debug|ARM
		Debug|x64 = Debug|x64
		Debug|x86 = Debug|x86
		Release|Any CPU = Release|Any CPU
		Release|ARM = Release|ARM
		Release|x64 = Release|x64
		Release|x86 = Release|x86
	EndGlobalSection
	GlobalSection(ProjectConfigurationPlatforms) = postSolution
		{5C68A0D6-9513-40DF-8FC9-D3601E62F8D4}.Debug LOG|Any CPU.ActiveCfg = Release|x86
		{5C68A0D6-9513-40DF-8FC9-D3601E62F8D4}.Debug LOG|Any CPU.Build.0 = Release|x86
		{5C68A0D6-9513-40DF-8FC9-D3601E62F8D4}.Debug LOG|Any CPU.Deploy.0 = Release|x86
		{5C68A0D6-9513-40DF-8FC9-D3601E62F8D4}.Debug LOG|ARM.ActiveCfg = Debug|ARM
		{5C68A0D6-9513-40DF-8FC9-D3601E62F8D4}.Debug LOG|ARM.Build.0 = Debug|ARM
		{5C68A0D6-9513-40DF-8FC9-D3601E62F8D4}.Debug LOG|ARM.Deploy.0 = Debug|ARM
		{5C68A0D6-9513-40DF-8FC9-D3601E62F8D4}.Debug LOG|x64.ActiveCfg = Debug|x64
		{5C68A0D6-9513-40DF-8FC9-D3601E62F8D4}.Debug LOG|x64.Build.0 = Debug|x64
		{5C68A0D6-9513-40DF-8FC9-D3601E62F8D4}.Debug LOG|x64.Deploy.0 = Debug|x64
		{5C68A0D6-9513-40DF-8FC9-D3601E62F8D4}.Debug LOG|x86.ActiveCfg = Debug|x86
		{5C68A0D6-9513-40DF-8FC9-D3601E62F8D4}.Debug LOG|x86.Build.0 = Debug|x86
		{5C68A0D6-9513-40DF-8FC9-D3601E62F8D4}.Debug LOG|x86.Deploy.0 = Debug|x86
		{5C68A0D6-9513-40DF-8FC9-D3601E62F8D4}.Debug TRACE LOG|Any CPU.ActiveCfg = Release|x86
		{5C68A0D6-9513-40DF-8FC9-D3601E62F8D4}.Debug TRACE LOG|Any CPU.Build.0 = Release|x86
		{5C68A0D6-9513-40DF-8FC9-D3601E62F8D4}.Debug TRACE LOG|Any CPU.Deploy.0 = Release|x86
		{5C68A0D6-9513-40DF-8FC9-D3601E62F8D4}.Debug TRACE LOG|ARM.ActiveCfg = Debug|ARM
		{5C68A0D6-9513-40DF-8FC9-D3601E62F8D4}.Debug TRACE LOG|ARM.Build.0 = Debug|ARM
		{5C68A0D6-9513-40DF-8FC9-D3601E62F8D4}.Debug TRACE LOG|ARM.Deploy.0 = Debug|ARM
		{5C68A0D6-9513-40DF-8FC9-D3601E62F8D4}.Debug TRACE LOG|x64.ActiveCfg = Debug|x64
		{5C68A0D6-9513-40DF-8FC9-D3601E62F8D4}.Debug TRACE LOG|x64.Build.0 = Debug|x64
		{5C68A0D6-9513-40DF-8FC9-D3601E62F8D4}.Debug TRACE LOG|x64.Deploy.0 = Debug|x64
		{5C68A0D6-9513-40DF-8FC9-D3601E62F8D4}.Debug TRACE LOG|x86.ActiveCfg = Debug|x86
		{5C68A0D6-9513-40DF-8FC9-D3601E62F8D4}.Debug TRACE LOG|x86.Build.0 = Debug|x86
		{5C68A0D6-9513-40DF-8FC9-D3601E62F8D4}.Debug TRACE LOG|x86.Deploy.0 = Debug|x86
		{5C68A0D6-9513-40DF-8FC9-D3601E62F8D4}.Debug|Any CPU.ActiveCfg = Debug|x86
		{5C68A0D6-9513-40DF-8FC9-D3601E62F8D4}.Debug|ARM.ActiveCfg = Debug|ARM
		{5C68A0D6-9513-40DF-8FC9-D3601E62F8D4}.Debug|ARM.Build.0 = Debug|ARM
		{5C68A0D6-9513-40DF-8FC9-D3601E62F8D4}.Debug|ARM.Deploy.0 = Debug|ARM
		{5C68A0D6-9513-40DF-8FC9-D3601E62F8D4}.Debug|x64.ActiveCfg = Debug|x64
		{5C68A0D6-9513-40DF-8FC9-D3601E62F8D4}.Debug|x64.Build.0 = Debug|x64
		{5C68A0D6-9513-40DF-8FC9-D3601E62F8D4}.Debug|x64.Deploy.0 = Debug|x64
		{5C68A0D6-9513-40DF-8FC9-D3601E62F8D4}.Debug|x86.ActiveCfg = Debug|x86
		{5C68A0D6-9513-40DF-8FC9-D3601E62F8D4}.Debug|x86.Build.0 = Debug|x86
		{5C68A0D6-9513-40DF-8FC9-D3601E62F8D4}.Debug|x86.Deploy.0 = Debug|x86
		{5C68A0D6-9513-40DF-8FC9-D3601E62F8D4}.Release|Any CPU.ActiveCfg = Release|x86
		{5C68A0D6-9513-40DF-8FC9-D3601E62F8D4}.Release|ARM.ActiveCfg = Release|ARM
		{5C68A0D6-9513-40DF-8FC9-D3601E62F8D4}.Release|ARM.Build.0 = Release|ARM
		{5C68A0D6-9513-40DF-8FC9-D3601E62F8D4}.Release|ARM.Deploy.0 = Release|ARM
		{5C68A0D6-9513-40DF-8FC9-D3601E62F8D4}.Release|x64.ActiveCfg = Release|x64
		{5C68A0D6-9513-40DF-8FC9-D3601E62F8D4}.Release|x64.Build.0 = Release|x64
		{5C68A0D6-9513-40DF-8FC9-D3601E62F8D4}.Release|x64.Deploy.0 = Release|x64
		{5C68A0D6-9513-40DF-8FC9-D3601E62F8D4}.Release|x86.ActiveCfg = Release|x86
		{5C68A0D6-9513-40DF-8FC9-D3601E62F8D4}.Release|x86.Build.0 = Release|x86
		{5C68A0D6-9513-40DF-8FC9-D3601E62F8D4}.Release|x86.Deploy.0 = Release|x86
		{E6C50355-D01E-4CAA-884D-D7929861315C}.Debug LOG|Any CPU.ActiveCfg = Debug LOG|Any CPU
		{E6C50355-D01E-4CAA-884D-D7929861315C}.Debug LOG|Any CPU.Build.0 = Debug LOG|Any CPU
		{E6C50355-D01E-4CAA-884D-D7929861315C}.Debug LOG|ARM.ActiveCfg = Debug LOG|Any CPU
		{E6C50355-D01E-4CAA-884D-D7929861315C}.Debug LOG|ARM.Build.0 = Debug LOG|Any CPU
		{E6C50355-D01E-4CAA-884D-D7929861315C}.Debug LOG|x64.ActiveCfg = Debug LOG|Any CPU
		{E6C50355-D01E-4CAA-884D-D7929861315C}.Debug LOG|x64.Build.0 = Debug LOG|Any CPU
		{E6C50355-D01E-4CAA-884D-D7929861315C}.Debug LOG|x86.ActiveCfg = Debug LOG|Any CPU
		{E6C50355-D01E-4CAA-884D-D7929861315C}.Debug LOG|x86.Build.0 = Debug LOG|Any CPU
		{E6C50355-D01E-4CAA-884D-D7929861315C}.Debug TRACE LOG|Any CPU.ActiveCfg = Debug TRACE LOG|Any CPU
		{E6C50355-D01E-4CAA-884D-D7929861315C}.Debug TRACE LOG|Any CPU.Build.0 = Debug TRACE LOG|Any CPU
		{E6C50355-D01E-4CAA-884D-D7929861315C}.Debug TRACE LOG|ARM.ActiveCfg = Debug TRACE LOG|Any CPU
		{E6C50355-D01E-4CAA-884D-D7929861315C}.Debug TRACE LOG|ARM.Build.0 = Debug TRACE LOG|Any CPU
		{E6C50355-D01E-4CAA-884D-D7929861315C}.Debug TRACE LOG|x64.ActiveCfg = Debug TRACE LOG|Any CPU
		{E6C50355-D01E-4CAA-884D-D7929861315C}.Debug TRACE LOG|x64.Build.0 = Debug TRACE LOG|Any CPU
		{E6C50355-D01E-4CAA-884D-D7929861315C}.Debug TRACE LOG|x86.ActiveCfg = Debug TRACE LOG|Any CPU
		{E6C50355-D01E-4CAA-884D-D7929861315C}.Debug TRACE LOG|x86.Build.0 = Debug TRACE LOG|Any CPU
		{E6C50355-D01E-4CAA-884D-D7929861315C}.Debug|Any CPU.ActiveCfg = Debug|Any CPU
		{E6C50355-D01E-4CAA-884D-D7929861315C}.Debug|Any CPU.Build.0 = Debug|Any CPU
		{E6C50355-D01E-4CAA-884D-D7929861315C}.Debug|ARM.ActiveCfg = Debug|Any CPU
		{E6C50355-D01E-4CAA-884D-D7929861315C}.Debug|ARM.Build.0 = Debug|Any CPU
		{E6C50355-D01E-4CAA-884D-D7929861315C}.Debug|x64.ActiveCfg = Debug|Any CPU
		{E6C50355-D01E-4CAA-884D-D7929861315C}.Debug|x64.Build.0 = Debug|Any CPU
		{E6C50355-D01E-4CAA-884D-D7929861315C}.Debug|x86.ActiveCfg = Debug|Any CPU
		{E6C50355-D01E-4CAA-884D-D7929861315C}.Debug|x86.Build.0 = Debug|Any CPU
		{E6C50355-D01E-4CAA-884D-D7929861315C}.Release|Any CPU.ActiveCfg = Release|Any CPU
		{E6C50355-D01E-4CAA-884D-D7929861315C}.Release|Any CPU.Build.0 = Release|Any CPU
		{E6C50355-D01E-4CAA-884D-D7929861315C}.Release|ARM.ActiveCfg = Release|Any CPU
		{E6C50355-D01E-4CAA-884D-D7929861315C}.Release|ARM.Build.0 = Release|Any CPU
		{E6C50355-D01E-4CAA-884D-D7929861315C}.Release|x64.ActiveCfg = Release|Any CPU
		{E6C50355-D01E-4CAA-884D-D7929861315C}.Release|x64.Build.0 = Release|Any CPU
		{E6C50355-D01E-4CAA-884D-D7929861315C}.Release|x86.ActiveCfg = Release|Any CPU
		{E6C50355-D01E-4CAA-884D-D7929861315C}.Release|x86.Build.0 = Release|Any CPU
		{C715ADCA-FE56-46A8-BF78-5BCFCF3216A3}.Debug LOG|Any CPU.ActiveCfg = Debug|Any CPU
		{C715ADCA-FE56-46A8-BF78-5BCFCF3216A3}.Debug LOG|Any CPU.Build.0 = Debug|Any CPU
		{C715ADCA-FE56-46A8-BF78-5BCFCF3216A3}.Debug LOG|ARM.ActiveCfg = Debug|ARM
		{C715ADCA-FE56-46A8-BF78-5BCFCF3216A3}.Debug LOG|ARM.Build.0 = Debug|ARM
		{C715ADCA-FE56-46A8-BF78-5BCFCF3216A3}.Debug LOG|x64.ActiveCfg = Debug|x64
		{C715ADCA-FE56-46A8-BF78-5BCFCF3216A3}.Debug LOG|x64.Build.0 = Debug|x64
		{C715ADCA-FE56-46A8-BF78-5BCFCF3216A3}.Debug LOG|x86.ActiveCfg = Debug|x86
		{C715ADCA-FE56-46A8-BF78-5BCFCF3216A3}.Debug LOG|x86.Build.0 = Debug|x86
		{C715ADCA-FE56-46A8-BF78-5BCFCF3216A3}.Debug TRACE LOG|Any CPU.ActiveCfg = Debug|Any CPU
		{C715ADCA-FE56-46A8-BF78-5BCFCF3216A3}.Debug TRACE LOG|Any CPU.Build.0 = Debug|Any CPU
		{C715ADCA-FE56-46A8-BF78-5BCFCF3216A3}.Debug TRACE LOG|ARM.ActiveCfg = Debug|ARM
		{C715ADCA-FE56-46A8-BF78-5BCFCF3216A3}.Debug TRACE LOG|ARM.Build.0 = Debug|ARM
		{C715ADCA-FE56-46A8-BF78-5BCFCF3216A3}.Debug TRACE LOG|x64.ActiveCfg = Debug|x64
		{C715ADCA-FE56-46A8-BF78-5BCFCF3216A3}.Debug TRACE LOG|x64.Build.0 = Debug|x64
		{C715ADCA-FE56-46A8-BF78-5BCFCF3216A3}.Debug TRACE LOG|x86.ActiveCfg = Debug|x86
		{C715ADCA-FE56-46A8-BF78-5BCFCF3216A3}.Debug TRACE LOG|x86.Build.0 = Debug|x86
		{C715ADCA-FE56-46A8-BF78-5BCFCF3216A3}.Debug|Any CPU.ActiveCfg = Debug|Any CPU
		{C715ADCA-FE56-46A8-BF78-5BCFCF3216A3}.Debug|Any CPU.Build.0 = Debug|Any CPU
		{C715ADCA-FE56-46A8-BF78-5BCFCF3216A3}.Debug|ARM.ActiveCfg = Debug|ARM
		{C715ADCA-FE56-46A8-BF78-5BCFCF3216A3}.Debug|ARM.Build.0 = Debug|ARM
		{C715ADCA-FE56-46A8-BF78-5BCFCF3216A3}.Debug|x64.ActiveCfg = Debug|x64
		{C715ADCA-FE56-46A8-BF78-5BCFCF3216A3}.Debug|x64.Build.0 = Debug|x64
		{C715ADCA-FE56-46A8-BF78-5BCFCF3216A3}.Debug|x86.ActiveCfg = Debug|x86
		{C715ADCA-FE56-46A8-BF78-5BCFCF3216A3}.Debug|x86.Build.0 = Debug|x86
		{C715ADCA-FE56-46A8-BF78-5BCFCF3216A3}.Release|Any CPU.ActiveCfg = Release|Any CPU
		{C715ADCA-FE56-46A8-BF78-5BCFCF3216A3}.Release|Any CPU.Build.0 = Release|Any CPU
		{C715ADCA-FE56-46A8-BF78-5BCFCF3216A3}.Release|ARM.ActiveCfg = Release|ARM
		{C715ADCA-FE56-46A8-BF78-5BCFCF3216A3}.Release|ARM.Build.0 = Release|ARM
		{C715ADCA-FE56-46A8-BF78-5BCFCF3216A3}.Release|x64.ActiveCfg = Release|x64
		{C715ADCA-FE56-46A8-BF78-5BCFCF3216A3}.Release|x64.Build.0 = Release|x64
		{C715ADCA-FE56-46A8-BF78-5BCFCF3216A3}.Release|x86.ActiveCfg = Release|x86
		{C715ADCA-FE56-46A8-BF78-5BCFCF3216A3}.Release|x86.Build.0 = Release|x86
		{6E9CB13C-2ABC-44A9-A7B6-993786F09FA0}.Debug LOG|Any CPU.ActiveCfg = Debug|Any CPU
		{6E9CB13C-2ABC-44A9-A7B6-993786F09FA0}.Debug LOG|Any CPU.Build.0 = Debug|Any CPU
		{6E9CB13C-2ABC-44A9-A7B6-993786F09FA0}.Debug LOG|ARM.ActiveCfg = Debug|ARM
		{6E9CB13C-2ABC-44A9-A7B6-993786F09FA0}.Debug LOG|ARM.Build.0 = Debug|ARM
		{6E9CB13C-2ABC-44A9-A7B6-993786F09FA0}.Debug LOG|x64.ActiveCfg = Debug|x64
		{6E9CB13C-2ABC-44A9-A7B6-993786F09FA0}.Debug LOG|x64.Build.0 = Debug|x64
		{6E9CB13C-2ABC-44A9-A7B6-993786F09FA0}.Debug LOG|x86.ActiveCfg = Debug|x86
		{6E9CB13C-2ABC-44A9-A7B6-993786F09FA0}.Debug LOG|x86.Build.0 = Debug|x86
		{6E9CB13C-2ABC-44A9-A7B6-993786F09FA0}.Debug TRACE LOG|Any CPU.ActiveCfg = Debug|Any CPU
		{6E9CB13C-2ABC-44A9-A7B6-993786F09FA0}.Debug TRACE LOG|Any CPU.Build.0 = Debug|Any CPU
		{6E9CB13C-2ABC-44A9-A7B6-993786F09FA0}.Debug TRACE LOG|ARM.ActiveCfg = Debug|ARM
		{6E9CB13C-2ABC-44A9-A7B6-993786F09FA0}.Debug TRACE LOG|ARM.Build.0 = Debug|ARM
		{6E9CB13C-2ABC-44A9-A7B6-993786F09FA0}.Debug TRACE LOG|x64.ActiveCfg = Debug|x64
		{6E9CB13C-2ABC-44A9-A7B6-993786F09FA0}.Debug TRACE LOG|x64.Build.0 = Debug|x64
		{6E9CB13C-2ABC-44A9-A7B6-993786F09FA0}.Debug TRACE LOG|x86.ActiveCfg = Debug|x86
		{6E9CB13C-2ABC-44A9-A7B6-993786F09FA0}.Debug TRACE LOG|x86.Build.0 = Debug|x86
		{6E9CB13C-2ABC-44A9-A7B6-993786F09FA0}.Debug|Any CPU.ActiveCfg = Debug|Any CPU
		{6E9CB13C-2ABC-44A9-A7B6-993786F09FA0}.Debug|Any CPU.Build.0 = Debug|Any CPU
		{6E9CB13C-2ABC-44A9-A7B6-993786F09FA0}.Debug|ARM.ActiveCfg = Debug|ARM
		{6E9CB13C-2ABC-44A9-A7B6-993786F09FA0}.Debug|ARM.Build.0 = Debug|ARM
		{6E9CB13C-2ABC-44A9-A7B6-993786F09FA0}.Debug|x64.ActiveCfg = Debug|x64
		{6E9CB13C-2ABC-44A9-A7B6-993786F09FA0}.Debug|x64.Build.0 = Debug|x64
		{6E9CB13C-2ABC-44A9-A7B6-993786F09FA0}.Debug|x86.ActiveCfg = Debug|x86
		{6E9CB13C-2ABC-44A9-A7B6-993786F09FA0}.Debug|x86.Build.0 = Debug|x86
		{6E9CB13C-2ABC-44A9-A7B6-993786F09FA0}.Release|Any CPU.ActiveCfg = Release|Any CPU
		{6E9CB13C-2ABC-44A9-A7B6-993786F09FA0}.Release|Any CPU.Build.0 = Release|Any CPU
		{6E9CB13C-2ABC-44A9-A7B6-993786F09FA0}.Release|ARM.ActiveCfg = Release|ARM
		{6E9CB13C-2ABC-44A9-A7B6-993786F09FA0}.Release|ARM.Build.0 = Release|ARM
		{6E9CB13C-2ABC-44A9-A7B6-993786F09FA0}.Release|x64.ActiveCfg = Release|x64
		{6E9CB13C-2ABC-44A9-A7B6-993786F09FA0}.Release|x64.Build.0 = Release|x64
		{6E9CB13C-2ABC-44A9-A7B6-993786F09FA0}.Release|x86.ActiveCfg = Release|x86
		{6E9CB13C-2ABC-44A9-A7B6-993786F09FA0}.Release|x86.Build.0 = Release|x86
		{95485773-463B-4C42-ADE6-24285F049B9B}.Debug LOG|Any CPU.ActiveCfg = Debug LOG|Any CPU
		{95485773-463B-4C42-ADE6-24285F049B9B}.Debug LOG|Any CPU.Build.0 = Debug LOG|Any CPU
		{95485773-463B-4C42-ADE6-24285F049B9B}.Debug LOG|ARM.ActiveCfg = Debug LOG|Any CPU
		{95485773-463B-4C42-ADE6-24285F049B9B}.Debug LOG|ARM.Build.0 = Debug LOG|Any CPU
		{95485773-463B-4C42-ADE6-24285F049B9B}.Debug LOG|x64.ActiveCfg = Debug LOG|Any CPU
		{95485773-463B-4C42-ADE6-24285F049B9B}.Debug LOG|x64.Build.0 = Debug LOG|Any CPU
		{95485773-463B-4C42-ADE6-24285F049B9B}.Debug LOG|x86.ActiveCfg = Debug LOG|Any CPU
		{95485773-463B-4C42-ADE6-24285F049B9B}.Debug LOG|x86.Build.0 = Debug LOG|Any CPU
		{95485773-463B-4C42-ADE6-24285F049B9B}.Debug TRACE LOG|Any CPU.ActiveCfg = Debug TRACE LOG|Any CPU
		{95485773-463B-4C42-ADE6-24285F049B9B}.Debug TRACE LOG|Any CPU.Build.0 = Debug TRACE LOG|Any CPU
		{95485773-463B-4C42-ADE6-24285F049B9B}.Debug TRACE LOG|ARM.ActiveCfg = Debug TRACE LOG|Any CPU
		{95485773-463B-4C42-ADE6-24285F049B9B}.Debug TRACE LOG|ARM.Build.0 = Debug TRACE LOG|Any CPU
		{95485773-463B-4C42-ADE6-24285F049B9B}.Debug TRACE LOG|x64.ActiveCfg = Debug TRACE LOG|Any CPU
		{95485773-463B-4C42-ADE6-24285F049B9B}.Debug TRACE LOG|x64.Build.0 = Debug TRACE LOG|Any CPU
		{95485773-463B-4C42-ADE6-24285F049B9B}.Debug TRACE LOG|x86.ActiveCfg = Debug TRACE LOG|Any CPU
		{95485773-463B-4C42-ADE6-24285F049B9B}.Debug TRACE LOG|x86.Build.0 = Debug TRACE LOG|Any CPU
		{95485773-463B-4C42-ADE6-24285F049B9B}.Debug|Any CPU.ActiveCfg = Debug|Any CPU
		{95485773-463B-4C42-ADE6-24285F049B9B}.Debug|Any CPU.Build.0 = Debug|Any CPU
		{95485773-463B-4C42-ADE6-24285F049B9B}.Debug|ARM.ActiveCfg = Debug|Any CPU
		{95485773-463B-4C42-ADE6-24285F049B9B}.Debug|ARM.Build.0 = Debug|Any CPU
		{95485773-463B-4C42-ADE6-24285F049B9B}.Debug|x64.ActiveCfg = Debug|Any CPU
		{95485773-463B-4C42-ADE6-24285F049B9B}.Debug|x64.Build.0 = Debug|Any CPU
		{95485773-463B-4C42-ADE6-24285F049B9B}.Debug|x86.ActiveCfg = Debug|Any CPU
		{95485773-463B-4C42-ADE6-24285F049B9B}.Debug|x86.Build.0 = Debug|Any CPU
		{95485773-463B-4C42-ADE6-24285F049B9B}.Release|Any CPU.ActiveCfg = Release|Any CPU
		{95485773-463B-4C42-ADE6-24285F049B9B}.Release|Any CPU.Build.0 = Release|Any CPU
		{95485773-463B-4C42-ADE6-24285F049B9B}.Release|ARM.ActiveCfg = Release|Any CPU
		{95485773-463B-4C42-ADE6-24285F049B9B}.Release|ARM.Build.0 = Release|Any CPU
		{95485773-463B-4C42-ADE6-24285F049B9B}.Release|x64.ActiveCfg = Release|Any CPU
		{95485773-463B-4C42-ADE6-24285F049B9B}.Release|x64.Build.0 = Release|Any CPU
		{95485773-463B-4C42-ADE6-24285F049B9B}.Release|x86.ActiveCfg = Release|Any CPU
		{95485773-463B-4C42-ADE6-24285F049B9B}.Release|x86.Build.0 = Release|Any CPU
	EndGlobalSection
	GlobalSection(SolutionProperties) = preSolution
		HideSolutionNode = FALSE
	EndGlobalSection
	GlobalSection(NestedProjects) = preSolution
		{E6C50355-D01E-4CAA-884D-D7929861315C} = {686B5DD9-171A-4709-AD08-AB16753D1C21}
		{C715ADCA-FE56-46A8-BF78-5BCFCF3216A3} = {686B5DD9-171A-4709-AD08-AB16753D1C21}
		{6E9CB13C-2ABC-44A9-A7B6-993786F09FA0} = {686B5DD9-171A-4709-AD08-AB16753D1C21}
		{9313A038-2844-4BBC-A4F0-844B569A0F6F} = {686B5DD9-171A-4709-AD08-AB16753D1C21}
		{95485773-463B-4C42-ADE6-24285F049B9B} = {9313A038-2844-4BBC-A4F0-844B569A0F6F}
	EndGlobalSection
EndGlobal
